
Microsoft Visual Studio Solution File, Format Version 12.00
# Visual Studio Version 17
VisualStudioVersion = 17.7.34018.315
MinimumVisualStudioVersion = 10.0.40219.1
Project("{FAE04EC0-301F-11D3-BF4B-00C04F79EFBC}") = "algoritmo1", "algoritmo1\algoritmo1.csproj", "{B36DC3D2-41CC-4D23-87FF-65D3C79D6BE2}"
EndProject
Global
	GlobalSection(SolutionConfigurationPlatforms) = preSolution
		Debug|Any CPU = Debug|Any CPU
		Release|Any CPU = Release|Any CPU
	EndGlobalSection
	GlobalSection(ProjectConfigurationPlatforms) = postSolution
		{B36DC3D2-41CC-4D23-87FF-65D3C79D6BE2}.Debug|Any CPU.ActiveCfg = Debug|Any CPU
		{B36DC3D2-41CC-4D23-87FF-65D3C79D6BE2}.Debug|Any CPU.Build.0 = Debug|Any CPU
		{B36DC3D2-41CC-4D23-87FF-65D3C79D6BE2}.Release|Any CPU.ActiveCfg = Release|Any CPU
		{B36DC3D2-41CC-4D23-87FF-65D3C79D6BE2}.Release|Any CPU.Build.0 = Release|Any CPU
	EndGlobalSection
	GlobalSection(SolutionProperties) = preSolution
		HideSolutionNode = FALSE
	EndGlobalSection
	GlobalSection(ExtensibilityGlobals) = postSolution
		SolutionGuid = {8FA8D658-5D4F-4846-AB0C-86B62982A9E3}
	EndGlobalSection
EndGlobal
